
Microsoft Visual Studio Solution File, Format Version 12.00
# Visual Studio 15
VisualStudioVersion = 15.0.28307.329
MinimumVisualStudioVersion = 10.0.40219.1
Project("{FAE04EC0-301F-11D3-BF4B-00C04F79EFBC}") = "TreeView", "TreeView.csproj", "{D660EEF1-E95A-40E2-AF5D-FAA7EF960970}"
EndProject
Global
	GlobalSection(SolutionConfigurationPlatforms) = preSolution
		Debug|Any CPU = Debug|Any CPU
		Release|Any CPU = Release|Any CPU
	EndGlobalSection
	GlobalSection(ProjectConfigurationPlatforms) = postSolution
		{D660EEF1-E95A-40E2-AF5D-FAA7EF960970}.Debug|Any CPU.ActiveCfg = Debug|Any CPU
		{D660EEF1-E95A-40E2-AF5D-FAA7EF960970}.Debug|Any CPU.Build.0 = Debug|Any CPU
		{D660EEF1-E95A-40E2-AF5D-FAA7EF960970}.Release|Any CPU.ActiveCfg = Release|Any CPU
		{D660EEF1-E95A-40E2-AF5D-FAA7EF960970}.Release|Any CPU.Build.0 = Release|Any CPU
	EndGlobalSection
	GlobalSection(SolutionProperties) = preSolution
		HideSolutionNode = FALSE
	EndGlobalSection
	GlobalSection(ExtensibilityGlobals) = postSolution
		SolutionGuid = {B5569FA0-1A18-4D2E-9A67-CB9792391790}
	EndGlobalSection
EndGlobal
